
Microsoft Visual Studio Solution File, Format Version 12.00
# Visual Studio 2013
VisualStudioVersion = 12.0.21005.1
MinimumVisualStudioVersion = 10.0.40219.1
Project("{8BC9CEB8-8B4A-11D0-8D11-00A0C91BC942}") = "Try3", "Try3\Try3.vcxproj", "{05C57A96-290A-4463-BA61-456D4F3A460D}"
EndProject
Project("{2150E333-8FDC-42A3-9474-1A3956D46DE8}") = "Solution Items", "Solution Items", "{96C879D6-F344-4241-9E11-2B2C1B5C5F27}"
EndProject
Global
	GlobalSection(SolutionConfigurationPlatforms) = preSolution
		Debug|Win32 = Debug|Win32
		Debug|x64 = Debug|x64
		Release|Win32 = Release|Win32
		Release|x64 = Release|x64
	EndGlobalSection
	GlobalSection(ProjectConfigurationPlatforms) = postSolution
		{05C57A96-290A-4463-BA61-456D4F3A460D}.Debug|Win32.ActiveCfg = Debug|Win32
		{05C57A96-290A-4463-BA61-456D4F3A460D}.Debug|Win32.Build.0 = Debug|Win32
		{05C57A96-290A-4463-BA61-456D4F3A460D}.Debug|x64.ActiveCfg = Debug|x64
		{05C57A96-290A-4463-BA61-456D4F3A460D}.Debug|x64.Build.0 = Debug|x64
		{05C57A96-290A-4463-BA61-456D4F3A460D}.Release|Win32.ActiveCfg = Release|x64
		{05C57A96-290A-4463-BA61-456D4F3A460D}.Release|Win32.Build.0 = Release|x64
		{05C57A96-290A-4463-BA61-456D4F3A460D}.Release|x64.ActiveCfg = Release|x64
		{05C57A96-290A-4463-BA61-456D4F3A460D}.Release|x64.Build.0 = Release|x64
	EndGlobalSection
	GlobalSection(SolutionProperties) = preSolution
		HideSolutionNode = FALSE
	EndGlobalSection
EndGlobal
